{
  "requires": true,
  "lockfileVersion": 1,
  "dependencies": {
    "react-easy-edit": {
      "version": "1.9.0",
      "resolved": "https://registry.npmjs.org/react-easy-edit/-/react-easy-edit-1.9.0.tgz",
      "integrity": "sha512-aMpdrgEh3lDj6AO1e/Og5gdrOiWgET4EdqCPyk2Vjay9yLli6GOT/h2ke2/beDibV/ju1AJRCXKKXXvPkGa6iw==",
      "dev": true
    }
  }
}
